
Microsoft Visual Studio Solution File, Format Version 12.00
# Visual Studio Version 17
VisualStudioVersion = 17.5.33530.505
MinimumVisualStudioVersion = 10.0.40219.1
Project("{9A19103F-16F7-4668-BE54-9A1E7A4F7556}") = "SKAskUpdate", "SKAskUpdate\SKAskUpdate.csproj", "{4BBB4B4D-18EB-4ED3-A3FB-8C205245B24B}"
EndProject
Global
	GlobalSection(SolutionConfigurationPlatforms) = preSolution
		Debug|Any CPU = Debug|Any CPU
		Release|Any CPU = Release|Any CPU
	EndGlobalSection
	GlobalSection(ProjectConfigurationPlatforms) = postSolution
		{4BBB4B4D-18EB-4ED3-A3FB-8C205245B24B}.Debug|Any CPU.ActiveCfg = Debug|Any CPU
		{4BBB4B4D-18EB-4ED3-A3FB-8C205245B24B}.Debug|Any CPU.Build.0 = Debug|Any CPU
		{4BBB4B4D-18EB-4ED3-A3FB-8C205245B24B}.Release|Any CPU.ActiveCfg = Release|Any CPU
		{4BBB4B4D-18EB-4ED3-A3FB-8C205245B24B}.Release|Any CPU.Build.0 = Release|Any CPU
	EndGlobalSection
	GlobalSection(SolutionProperties) = preSolution
		HideSolutionNode = FALSE
	EndGlobalSection
	GlobalSection(ExtensibilityGlobals) = postSolution
		SolutionGuid = {1D878C8F-6DC2-4FB7-B285-F499B52678BE}
	EndGlobalSection
EndGlobal
